
Microsoft Visual Studio Solution File, Format Version 12.00
# Visual Studio Version 17
VisualStudioVersion = 17.10.34928.147
MinimumVisualStudioVersion = 10.0.40219.1
Project("{9A19103F-16F7-4668-BE54-9A1E7A4F7556}") = "WebApi", "WebApi\WebApi.csproj", "{7A02C967-C412-4457-9BA6-E1E581B17729}"
EndProject
Project("{2150E333-8FDC-42A3-9474-1A3956D46DE8}") = "DataAccess", "DataAccess", "{22EE2C16-43C5-4042-97C9-BE18596AA959}"
EndProject
Project("{9A19103F-16F7-4668-BE54-9A1E7A4F7556}") = "DataAccess", "DataAccess\DataAccess.csproj", "{87594FA5-F61A-4E7E-BEFA-9F324F248AD8}"
EndProject
Project("{2150E333-8FDC-42A3-9474-1A3956D46DE8}") = "Business", "Business", "{633CABD6-E14C-484D-84F9-545A9A7E304B}"
EndProject
Project("{9A19103F-16F7-4668-BE54-9A1E7A4F7556}") = "Business", "Business\Business.csproj", "{FD231BF1-1CA1-427B-8BCB-0B0C114A2AE8}"
EndProject
Project("{9A19103F-16F7-4668-BE54-9A1E7A4F7556}") = "Business.Interface", "Business.Interface\Business.Interface.csproj", "{B2A3E41B-9CB6-4862-B641-951DDF8FECC1}"
EndProject
Project("{9A19103F-16F7-4668-BE54-9A1E7A4F7556}") = "Repository", "Repository\Repository.csproj", "{5CADDDD4-C0E1-41BE-88A7-73E7D9F14D57}"
EndProject
Project("{9A19103F-16F7-4668-BE54-9A1E7A4F7556}") = "Repository.Interface", "Repository.Interface\Repository.Interface.csproj", "{E3DC8FFE-839F-4049-83FE-A5A764077317}"
EndProject
Project("{2150E333-8FDC-42A3-9474-1A3956D46DE8}") = "Common", "Common", "{5FA69158-91C8-4178-9E15-EE70A1D0AE70}"
EndProject
Project("{9A19103F-16F7-4668-BE54-9A1E7A4F7556}") = "Common", "Common\Common.csproj", "{4169A5E9-C0C4-4E9C-9CA5-7433BE97C23A}"
EndProject
Project("{FAE04EC0-301F-11D3-BF4B-00C04F79EFBC}") = "STEMS.MediatR", "STEMS.MediatR\STEMS.MediatR.csproj", "{70990840-1C5B-49BC-8437-040171E96CF4}"
EndProject
Global
	GlobalSection(SolutionConfigurationPlatforms) = preSolution
		Debug|Any CPU = Debug|Any CPU
		Release|Any CPU = Release|Any CPU
	EndGlobalSection
	GlobalSection(ProjectConfigurationPlatforms) = postSolution
		{7A02C967-C412-4457-9BA6-E1E581B17729}.Debug|Any CPU.ActiveCfg = Debug|Any CPU
		{7A02C967-C412-4457-9BA6-E1E581B17729}.Debug|Any CPU.Build.0 = Debug|Any CPU
		{7A02C967-C412-4457-9BA6-E1E581B17729}.Release|Any CPU.ActiveCfg = Release|Any CPU
		{7A02C967-C412-4457-9BA6-E1E581B17729}.Release|Any CPU.Build.0 = Release|Any CPU
		{87594FA5-F61A-4E7E-BEFA-9F324F248AD8}.Debug|Any CPU.ActiveCfg = Debug|Any CPU
		{87594FA5-F61A-4E7E-BEFA-9F324F248AD8}.Debug|Any CPU.Build.0 = Debug|Any CPU
		{87594FA5-F61A-4E7E-BEFA-9F324F248AD8}.Release|Any CPU.ActiveCfg = Release|Any CPU
		{87594FA5-F61A-4E7E-BEFA-9F324F248AD8}.Release|Any CPU.Build.0 = Release|Any CPU
		{FD231BF1-1CA1-427B-8BCB-0B0C114A2AE8}.Debug|Any CPU.ActiveCfg = Debug|Any CPU
		{FD231BF1-1CA1-427B-8BCB-0B0C114A2AE8}.Debug|Any CPU.Build.0 = Debug|Any CPU
		{FD231BF1-1CA1-427B-8BCB-0B0C114A2AE8}.Release|Any CPU.ActiveCfg = Release|Any CPU
		{FD231BF1-1CA1-427B-8BCB-0B0C114A2AE8}.Release|Any CPU.Build.0 = Release|Any CPU
		{B2A3E41B-9CB6-4862-B641-951DDF8FECC1}.Debug|Any CPU.ActiveCfg = Debug|Any CPU
		{B2A3E41B-9CB6-4862-B641-951DDF8FECC1}.Debug|Any CPU.Build.0 = Debug|Any CPU
		{B2A3E41B-9CB6-4862-B641-951DDF8FECC1}.Release|Any CPU.ActiveCfg = Release|Any CPU
		{B2A3E41B-9CB6-4862-B641-951DDF8FECC1}.Release|Any CPU.Build.0 = Release|Any CPU
		{5CADDDD4-C0E1-41BE-88A7-73E7D9F14D57}.Debug|Any CPU.ActiveCfg = Debug|Any CPU
		{5CADDDD4-C0E1-41BE-88A7-73E7D9F14D57}.Debug|Any CPU.Build.0 = Debug|Any CPU
		{5CADDDD4-C0E1-41BE-88A7-73E7D9F14D57}.Release|Any CPU.ActiveCfg = Release|Any CPU
		{5CADDDD4-C0E1-41BE-88A7-73E7D9F14D57}.Release|Any CPU.Build.0 = Release|Any CPU
		{E3DC8FFE-839F-4049-83FE-A5A764077317}.Debug|Any CPU.ActiveCfg = Debug|Any CPU
		{E3DC8FFE-839F-4049-83FE-A5A764077317}.Debug|Any CPU.Build.0 = Debug|Any CPU
		{E3DC8FFE-839F-4049-83FE-A5A764077317}.Release|Any CPU.ActiveCfg = Release|Any CPU
		{E3DC8FFE-839F-4049-83FE-A5A764077317}.Release|Any CPU.Build.0 = Release|Any CPU
		{4169A5E9-C0C4-4E9C-9CA5-7433BE97C23A}.Debug|Any CPU.ActiveCfg = Debug|Any CPU
		{4169A5E9-C0C4-4E9C-9CA5-7433BE97C23A}.Debug|Any CPU.Build.0 = Debug|Any CPU
		{4169A5E9-C0C4-4E9C-9CA5-7433BE97C23A}.Release|Any CPU.ActiveCfg = Release|Any CPU
		{4169A5E9-C0C4-4E9C-9CA5-7433BE97C23A}.Release|Any CPU.Build.0 = Release|Any CPU
		{70990840-1C5B-49BC-8437-040171E96CF4}.Debug|Any CPU.ActiveCfg = Debug|Any CPU
		{70990840-1C5B-49BC-8437-040171E96CF4}.Debug|Any CPU.Build.0 = Debug|Any CPU
		{70990840-1C5B-49BC-8437-040171E96CF4}.Release|Any CPU.ActiveCfg = Release|Any CPU
		{70990840-1C5B-49BC-8437-040171E96CF4}.Release|Any CPU.Build.0 = Release|Any CPU
	EndGlobalSection
	GlobalSection(SolutionProperties) = preSolution
		HideSolutionNode = FALSE
	EndGlobalSection
	GlobalSection(NestedProjects) = preSolution
		{87594FA5-F61A-4E7E-BEFA-9F324F248AD8} = {22EE2C16-43C5-4042-97C9-BE18596AA959}
		{FD231BF1-1CA1-427B-8BCB-0B0C114A2AE8} = {633CABD6-E14C-484D-84F9-545A9A7E304B}
		{B2A3E41B-9CB6-4862-B641-951DDF8FECC1} = {633CABD6-E14C-484D-84F9-545A9A7E304B}
		{5CADDDD4-C0E1-41BE-88A7-73E7D9F14D57} = {22EE2C16-43C5-4042-97C9-BE18596AA959}
		{E3DC8FFE-839F-4049-83FE-A5A764077317} = {22EE2C16-43C5-4042-97C9-BE18596AA959}
		{4169A5E9-C0C4-4E9C-9CA5-7433BE97C23A} = {5FA69158-91C8-4178-9E15-EE70A1D0AE70}
		{70990840-1C5B-49BC-8437-040171E96CF4} = {633CABD6-E14C-484D-84F9-545A9A7E304B}
	EndGlobalSection
	GlobalSection(ExtensibilityGlobals) = postSolution
		SolutionGuid = {C2724D76-71FC-4376-B868-0C8C13129E59}
	EndGlobalSection
EndGlobal
